// !$*UTF8*$!
{
	archiveVersion = 1;
	classes = {
	};
	objectVersion = 48;
	objects = {

/* Begin PBXBuildFile section */
		B7109C4622454C4B00C7E461 /* StoreKit.framework in Frameworks */ = {isa = PBXBuildFile; fileRef = B7109C4522454C4B00C7E461 /* StoreKit.framework */; };
		B7109C4822454C5400C7E461 /* GameKit.framework in Frameworks */ = {isa = PBXBuildFile; fileRef = B7109C4722454C5400C7E461 /* GameKit.framework */; };
		B741FAE62171DA22009FDE38 /* libsqlite3.tbd in Frameworks */ = {isa = PBXBuildFile; fileRef = B741FAE52171DA00009FDE38 /* libsqlite3.tbd */; };
		B741FAE92171DD0D009FDE38 /* KCDBUtility.swift in Sources */ = {isa = PBXBuildFile; fileRef = B741FAE82171DD0D009FDE38 /* KCDBUtility.swift */; };
		B74FB38A223961BB00C893D6 /* demo.txt in Resources */ = {isa = PBXBuildFile; fileRef = B74FB389223961BA00C893D6 /* demo.txt */; };
		B76384F5218DFF17007F8AD3 /* KCCompanyInfoViewController.swift in Sources */ = {isa = PBXBuildFile; fileRef = B76384F4218DFF17007F8AD3 /* KCCompanyInfoViewController.swift */; };
		B76384F7219ABC6D007F8AD3 /* KCCustomerInfoViewController.swift in Sources */ = {isa = PBXBuildFile; fileRef = B76384F6219ABC6D007F8AD3 /* KCCustomerInfoViewController.swift */; };
		B7687B152224539B00B63940 /* flower-logo-290x135.jpg in Resources */ = {isa = PBXBuildFile; fileRef = B7687B142224539A00B63940 /* flower-logo-290x135.jpg */; };
		B77E302D21A5A70D003784D9 /* KCProductInfoViewController.swift in Sources */ = {isa = PBXBuildFile; fileRef = B77E302C21A5A70D003784D9 /* KCProductInfoViewController.swift */; };
		B77E302F21A70A6A003784D9 /* KCCustomerTableViewController.swift in Sources */ = {isa = PBXBuildFile; fileRef = B77E302E21A70A6A003784D9 /* KCCustomerTableViewController.swift */; };
		B77E303121A70A88003784D9 /* KCProductTableViewController.swift in Sources */ = {isa = PBXBuildFile; fileRef = B77E303021A70A88003784D9 /* KCProductTableViewController.swift */; };
		B77E303321A70A9E003784D9 /* KCInvoiceTableViewController.swift in Sources */ = {isa = PBXBuildFile; fileRef = B77E303221A70A9E003784D9 /* KCInvoiceTableViewController.swift */; };
		B782761D21EB9F8000D2A581 /* single_item.html in Resources */ = {isa = PBXBuildFile; fileRef = B782761921EB9F7E00D2A581 /* single_item.html */; };
		B782761E21EB9F8000D2A581 /* logo.jpg in Resources */ = {isa = PBXBuildFile; fileRef = B782761A21EB9F7F00D2A581 /* logo.jpg */; };
		B782761F21EB9F8000D2A581 /* last_item.html in Resources */ = {isa = PBXBuildFile; fileRef = B782761B21EB9F7F00D2A581 /* last_item.html */; };
		B782762021EB9F8000D2A581 /* invoice.html in Resources */ = {isa = PBXBuildFile; fileRef = B782761C21EB9F8000D2A581 /* invoice.html */; };
		B79792CF216C4CE700C1E826 /* AppDelegate.swift in Sources */ = {isa = PBXBuildFile; fileRef = B79792CE216C4CE700C1E826 /* AppDelegate.swift */; };
		B79792D6216C4CE700C1E826 /* Main.storyboard in Resources */ = {isa = PBXBuildFile; fileRef = B79792D4216C4CE700C1E826 /* Main.storyboard */; };
		B79792D8216C4CE700C1E826 /* Assets.xcassets in Resources */ = {isa = PBXBuildFile; fileRef = B79792D7216C4CE700C1E826 /* Assets.xcassets */; };
		B79792DB216C4CE700C1E826 /* LaunchScreen.storyboard in Resources */ = {isa = PBXBuildFile; fileRef = B79792D9216C4CE700C1E826 /* LaunchScreen.storyboard */; };
		B7B3A3D221B021450080EC09 /* KCInvoiceViewController.swift in Sources */ = {isa = PBXBuildFile; fileRef = B7B3A3D121B021450080EC09 /* KCInvoiceViewController.swift */; };
		B7BA73BC217830D500ABBF2D /* KCUtility.swift in Sources */ = {isa = PBXBuildFile; fileRef = B7BA73BB217830D500ABBF2D /* KCUtility.swift */; };
		B7BE5E6621E9BDBA00167D5B /* icon-customer.png in Resources */ = {isa = PBXBuildFile; fileRef = B7BE5E6521E9BDB900167D5B /* icon-customer.png */; };
		B7BE5E6821E9BDCA00167D5B /* icon-invoice.png in Resources */ = {isa = PBXBuildFile; fileRef = B7BE5E6721E9BDC900167D5B /* icon-invoice.png */; };
		B7BE5E6A21E9BDDA00167D5B /* icon-setting.png in Resources */ = {isa = PBXBuildFile; fileRef = B7BE5E6921E9BDDA00167D5B /* icon-setting.png */; };
		B7BE5E6C21E9BDE500167D5B /* icon-product.png in Resources */ = {isa = PBXBuildFile; fileRef = B7BE5E6B21E9BDE500167D5B /* icon-product.png */; };
		B7BE5E6E21E9E36400167D5B /* icon-invoice-30x30.png in Resources */ = {isa = PBXBuildFile; fileRef = B7BE5E6D21E9E36000167D5B /* icon-invoice-30x30.png */; };
		B7BE5E7021E9E59600167D5B /* icon-customer-30x30.png in Resources */ = {isa = PBXBuildFile; fileRef = B7BE5E6F21E9E59600167D5B /* icon-customer-30x30.png */; };
		B7BE5E7221E9E5A400167D5B /* icon-product-30x30.png in Resources */ = {isa = PBXBuildFile; fileRef = B7BE5E7121E9E5A300167D5B /* icon-product-30x30.png */; };
		B7BE5E7421E9E5AD00167D5B /* icon-setting-30x30.png in Resources */ = {isa = PBXBuildFile; fileRef = B7BE5E7321E9E5AD00167D5B /* icon-setting-30x30.png */; };
		B7BE5E7821EA1A0500167D5B /* icon-app-76x76.png in Resources */ = {isa = PBXBuildFile; fileRef = B7BE5E7721EA1A0500167D5B /* icon-app-76x76.png */; };
		B7BE5E7A21EA1A6300167D5B /* icon-app-167x167.png in Resources */ = {isa = PBXBuildFile; fileRef = B7BE5E7921EA1A6300167D5B /* icon-app-167x167.png */; };
		B7BE5E8521EB793A00167D5B /* KCInvoiceComposer.swift in Sources */ = {isa = PBXBuildFile; fileRef = B7BE5E8421EB793A00167D5B /* KCInvoiceComposer.swift */; };
		B7BE5E8721EB80E100167D5B /* KCCustomPrintPageRenderer.swift in Sources */ = {isa = PBXBuildFile; fileRef = B7BE5E8621EB80E100167D5B /* KCCustomPrintPageRenderer.swift */; };
		B7BE5E8921EB868400167D5B /* KCPreviewViewController.swift in Sources */ = {isa = PBXBuildFile; fileRef = B7BE5E8821EB868400167D5B /* KCPreviewViewController.swift */; };
		B7D31FB7222A8DD3000844F7 /* KCQuickCommandViewController.swift in Sources */ = {isa = PBXBuildFile; fileRef = B7D31FB6222A8DD3000844F7 /* KCQuickCommandViewController.swift */; };
		B7D31FB9222B01A3000844F7 /* laoshanhang.txt in Resources */ = {isa = PBXBuildFile; fileRef = B7D31FB8222B01A3000844F7 /* laoshanhang.txt */; };
		B7D46F5A220D30FA0025DE3C /* KCCompanyLogoViewController.swift in Sources */ = {isa = PBXBuildFile; fileRef = B7D46F59220D30FA0025DE3C /* KCCompanyLogoViewController.swift */; };
		B7D46F5C220D31170025DE3C /* KCCurrencyViewController.swift in Sources */ = {isa = PBXBuildFile; fileRef = B7D46F5B220D31170025DE3C /* KCCurrencyViewController.swift */; };
		B7DB84D421C10A10005E148D /* KCInvoiceItemViewController.swift in Sources */ = {isa = PBXBuildFile; fileRef = B7DB84D321C10A10005E148D /* KCInvoiceItemViewController.swift */; };
/* End PBXBuildFile section */

/* Begin PBXFileReference section */
		B7109C40223D54E600C7E461 /* InvoiceGen.entitlements */ = {isa = PBXFileReference; lastKnownFileType = text.plist.entitlements; path = InvoiceGen.entitlements; sourceTree = "<group>"; };
		B7109C4522454C4B00C7E461 /* StoreKit.framework */ = {isa = PBXFileReference; lastKnownFileType = wrapper.framework; name = StoreKit.framework; path = System/Library/Frameworks/StoreKit.framework; sourceTree = SDKROOT; };
		B7109C4722454C5400C7E461 /* GameKit.framework */ = {isa = PBXFileReference; lastKnownFileType = wrapper.framework; name = GameKit.framework; path = System/Library/Frameworks/GameKit.framework; sourceTree = SDKROOT; };
		B741FAE52171DA00009FDE38 /* libsqlite3.tbd */ = {isa = PBXFileReference; lastKnownFileType = "sourcecode.text-based-dylib-definition"; name = libsqlite3.tbd; path = usr/lib/libsqlite3.tbd; sourceTree = SDKROOT; };
		B741FAE82171DD0D009FDE38 /* KCDBUtility.swift */ = {isa = PBXFileReference; lastKnownFileType = sourcecode.swift; path = KCDBUtility.swift; sourceTree = "<group>"; };
		B74FB389223961BA00C893D6 /* demo.txt */ = {isa = PBXFileReference; lastKnownFileType = text; path = demo.txt; sourceTree = "<group>"; };
		B76384F4218DFF17007F8AD3 /* KCCompanyInfoViewController.swift */ = {isa = PBXFileReference; lastKnownFileType = sourcecode.swift; path = KCCompanyInfoViewController.swift; sourceTree = "<group>"; };
		B76384F6219ABC6D007F8AD3 /* KCCustomerInfoViewController.swift */ = {isa = PBXFileReference; lastKnownFileType = sourcecode.swift; path = KCCustomerInfoViewController.swift; sourceTree = "<group>"; };
		B7687B142224539A00B63940 /* flower-logo-290x135.jpg */ = {isa = PBXFileReference; lastKnownFileType = image.jpeg; path = "flower-logo-290x135.jpg"; sourceTree = "<group>"; };
		B77E302C21A5A70D003784D9 /* KCProductInfoViewController.swift */ = {isa = PBXFileReference; lastKnownFileType = sourcecode.swift; path = KCProductInfoViewController.swift; sourceTree = "<group>"; };
		B77E302E21A70A6A003784D9 /* KCCustomerTableViewController.swift */ = {isa = PBXFileReference; lastKnownFileType = sourcecode.swift; path = KCCustomerTableViewController.swift; sourceTree = "<group>"; };
		B77E303021A70A88003784D9 /* KCProductTableViewController.swift */ = {isa = PBXFileReference; lastKnownFileType = sourcecode.swift; path = KCProductTableViewController.swift; sourceTree = "<group>"; };
		B77E303221A70A9E003784D9 /* KCInvoiceTableViewController.swift */ = {isa = PBXFileReference; lastKnownFileType = sourcecode.swift; path = KCInvoiceTableViewController.swift; sourceTree = "<group>"; };
		B782761921EB9F7E00D2A581 /* single_item.html */ = {isa = PBXFileReference; fileEncoding = 4; lastKnownFileType = text.html; path = single_item.html; sourceTree = "<group>"; };
		B782761A21EB9F7F00D2A581 /* logo.jpg */ = {isa = PBXFileReference; lastKnownFileType = image.jpeg; path = logo.jpg; sourceTree = "<group>"; };
		B782761B21EB9F7F00D2A581 /* last_item.html */ = {isa = PBXFileReference; fileEncoding = 4; lastKnownFileType = text.html; path = last_item.html; sourceTree = "<group>"; };
		B782761C21EB9F8000D2A581 /* invoice.html */ = {isa = PBXFileReference; fileEncoding = 4; lastKnownFileType = text.html; path = invoice.html; sourceTree = "<group>"; };
		B79792CB216C4CE700C1E826 /* InvoiceGen.app */ = {isa = PBXFileReference; explicitFileType = wrapper.application; includeInIndex = 0; path = InvoiceGen.app; sourceTree = BUILT_PRODUCTS_DIR; };
		B79792CE216C4CE700C1E826 /* AppDelegate.swift */ = {isa = PBXFileReference; lastKnownFileType = sourcecode.swift; path = AppDelegate.swift; sourceTree = "<group>"; };
		B79792D5216C4CE700C1E826 /* Base */ = {isa = PBXFileReference; lastKnownFileType = file.storyboard; name = Base; path = Base.lproj/Main.storyboard; sourceTree = "<group>"; };
		B79792D7216C4CE700C1E826 /* Assets.xcassets */ = {isa = PBXFileReference; lastKnownFileType = folder.assetcatalog; path = Assets.xcassets; sourceTree = "<group>"; };
		B79792DA216C4CE700C1E826 /* Base */ = {isa = PBXFileReference; lastKnownFileType = file.storyboard; name = Base; path = Base.lproj/LaunchScreen.storyboard; sourceTree = "<group>"; };
		B79792DC216C4CE700C1E826 /* Info.plist */ = {isa = PBXFileReference; lastKnownFileType = text.plist.xml; path = Info.plist; sourceTree = "<group>"; };
		B7B3A3D121B021450080EC09 /* KCInvoiceViewController.swift */ = {isa = PBXFileReference; lastKnownFileType = sourcecode.swift; path = KCInvoiceViewController.swift; sourceTree = "<group>"; };
		B7BA73BB217830D500ABBF2D /* KCUtility.swift */ = {isa = PBXFileReference; lastKnownFileType = sourcecode.swift; path = KCUtility.swift; sourceTree = "<group>"; };
		B7BE5E6521E9BDB900167D5B /* icon-customer.png */ = {isa = PBXFileReference; lastKnownFileType = image.png; path = "icon-customer.png"; sourceTree = "<group>"; };
		B7BE5E6721E9BDC900167D5B /* icon-invoice.png */ = {isa = PBXFileReference; lastKnownFileType = image.png; path = "icon-invoice.png"; sourceTree = "<group>"; };
		B7BE5E6921E9BDDA00167D5B /* icon-setting.png */ = {isa = PBXFileReference; lastKnownFileType = image.png; path = "icon-setting.png"; sourceTree = "<group>"; };
		B7BE5E6B21E9BDE500167D5B /* icon-product.png */ = {isa = PBXFileReference; lastKnownFileType = image.png; path = "icon-product.png"; sourceTree = "<group>"; };
		B7BE5E6D21E9E36000167D5B /* icon-invoice-30x30.png */ = {isa = PBXFileReference; lastKnownFileType = image.png; path = "icon-invoice-30x30.png"; sourceTree = "<group>"; };
		B7BE5E6F21E9E59600167D5B /* icon-customer-30x30.png */ = {isa = PBXFileReference; lastKnownFileType = image.png; path = "icon-customer-30x30.png"; sourceTree = "<group>"; };
		B7BE5E7121E9E5A300167D5B /* icon-product-30x30.png */ = {isa = PBXFileReference; lastKnownFileType = image.png; path = "icon-product-30x30.png"; sourceTree = "<group>"; };
		B7BE5E7321E9E5AD00167D5B /* icon-setting-30x30.png */ = {isa = PBXFileReference; lastKnownFileType = image.png; path = "icon-setting-30x30.png"; sourceTree = "<group>"; };
		B7BE5E7721EA1A0500167D5B /* icon-app-76x76.png */ = {isa = PBXFileReference; lastKnownFileType = image.png; path = "icon-app-76x76.png"; sourceTree = "<group>"; };
		B7BE5E7921EA1A6300167D5B /* icon-app-167x167.png */ = {isa = PBXFileReference; lastKnownFileType = image.png; path = "icon-app-167x167.png"; sourceTree = "<group>"; };
		B7BE5E8421EB793A00167D5B /* KCInvoiceComposer.swift */ = {isa = PBXFileReference; lastKnownFileType = sourcecode.swift; path = KCInvoiceComposer.swift; sourceTree = "<group>"; };
		B7BE5E8621EB80E100167D5B /* KCCustomPrintPageRenderer.swift */ = {isa = PBXFileReference; lastKnownFileType = sourcecode.swift; path = KCCustomPrintPageRenderer.swift; sourceTree = "<group>"; };
		B7BE5E8821EB868400167D5B /* KCPreviewViewController.swift */ = {isa = PBXFileReference; lastKnownFileType = sourcecode.swift; path = KCPreviewViewController.swift; sourceTree = "<group>"; };
		B7D31FB6222A8DD3000844F7 /* KCQuickCommandViewController.swift */ = {isa = PBXFileReference; lastKnownFileType = sourcecode.swift; path = KCQuickCommandViewController.swift; sourceTree = "<group>"; };
		B7D31FB8222B01A3000844F7 /* laoshanhang.txt */ = {isa = PBXFileReference; lastKnownFileType = text; path = laoshanhang.txt; sourceTree = "<group>"; };
		B7D46F59220D30FA0025DE3C /* KCCompanyLogoViewController.swift */ = {isa = PBXFileReference; lastKnownFileType = sourcecode.swift; path = KCCompanyLogoViewController.swift; sourceTree = "<group>"; };
		B7D46F5B220D31170025DE3C /* KCCurrencyViewController.swift */ = {isa = PBXFileReference; lastKnownFileType = sourcecode.swift; path = KCCurrencyViewController.swift; sourceTree = "<group>"; };
		B7DB84D321C10A10005E148D /* KCInvoiceItemViewController.swift */ = {isa = PBXFileReference; lastKnownFileType = sourcecode.swift; path = KCInvoiceItemViewController.swift; sourceTree = "<group>"; };
/* End PBXFileReference section */

/* Begin PBXFrameworksBuildPhase section */
		B79792C8216C4CE700C1E826 /* Frameworks */ = {
			isa = PBXFrameworksBuildPhase;
			buildActionMask = 2147483647;
			files = (
				B7109C4822454C5400C7E461 /* GameKit.framework in Frameworks */,
				B741FAE62171DA22009FDE38 /* libsqlite3.tbd in Frameworks */,
				B7109C4622454C4B00C7E461 /* StoreKit.framework in Frameworks */,
			);
			runOnlyForDeploymentPostprocessing = 0;
		};
/* End PBXFrameworksBuildPhase section */

/* Begin PBXGroup section */
		B741FAE42171D9FF009FDE38 /* Frameworks */ = {
			isa = PBXGroup;
			children = (
				B7109C4722454C5400C7E461 /* GameKit.framework */,
				B7109C4522454C4B00C7E461 /* StoreKit.framework */,
				B741FAE52171DA00009FDE38 /* libsqlite3.tbd */,
			);
			name = Frameworks;
			sourceTree = "<group>";
		};
		B79792C2216C4CE700C1E826 = {
			isa = PBXGroup;
			children = (
				B7D31FB8222B01A3000844F7 /* laoshanhang.txt */,
				B74FB389223961BA00C893D6 /* demo.txt */,
				B782761B21EB9F7F00D2A581 /* last_item.html */,
				B782761A21EB9F7F00D2A581 /* logo.jpg */,
				B782761921EB9F7E00D2A581 /* single_item.html */,
				B79792CD216C4CE700C1E826 /* Invoice */,
				B79792CC216C4CE700C1E826 /* Products */,
				B741FAE42171D9FF009FDE38 /* Frameworks */,
			);
			sourceTree = "<group>";
		};
		B79792CC216C4CE700C1E826 /* Products */ = {
			isa = PBXGroup;
			children = (
				B79792CB216C4CE700C1E826 /* InvoiceGen.app */,
			);
			name = Products;
			sourceTree = "<group>";
		};
		B79792CD216C4CE700C1E826 /* Invoice */ = {
			isa = PBXGroup;
			children = (
				B7109C40223D54E600C7E461 /* InvoiceGen.entitlements */,
				B7BE5E6421E9BD8C00167D5B /* img */,
				B79792CE216C4CE700C1E826 /* AppDelegate.swift */,
				B79792D4216C4CE700C1E826 /* Main.storyboard */,
				B782761C21EB9F8000D2A581 /* invoice.html */,
				B79792D7216C4CE700C1E826 /* Assets.xcassets */,
				B79792D9216C4CE700C1E826 /* LaunchScreen.storyboard */,
				B79792DC216C4CE700C1E826 /* Info.plist */,
				B741FAE82171DD0D009FDE38 /* KCDBUtility.swift */,
				B7BA73BB217830D500ABBF2D /* KCUtility.swift */,
				B76384F4218DFF17007F8AD3 /* KCCompanyInfoViewController.swift */,
				B76384F6219ABC6D007F8AD3 /* KCCustomerInfoViewController.swift */,
				B77E302C21A5A70D003784D9 /* KCProductInfoViewController.swift */,
				B77E302E21A70A6A003784D9 /* KCCustomerTableViewController.swift */,
				B77E303021A70A88003784D9 /* KCProductTableViewController.swift */,
				B77E303221A70A9E003784D9 /* KCInvoiceTableViewController.swift */,
				B7B3A3D121B021450080EC09 /* KCInvoiceViewController.swift */,
				B7DB84D321C10A10005E148D /* KCInvoiceItemViewController.swift */,
				B7BE5E8421EB793A00167D5B /* KCInvoiceComposer.swift */,
				B7BE5E8621EB80E100167D5B /* KCCustomPrintPageRenderer.swift */,
				B7BE5E8821EB868400167D5B /* KCPreviewViewController.swift */,
				B7D46F59220D30FA0025DE3C /* KCCompanyLogoViewController.swift */,
				B7D46F5B220D31170025DE3C /* KCCurrencyViewController.swift */,
				B7D31FB6222A8DD3000844F7 /* KCQuickCommandViewController.swift */,
			);
			path = Invoice;
			sourceTree = "<group>";
		};
		B7BE5E6421E9BD8C00167D5B /* img */ = {
			isa = PBXGroup;
			children = (
				B7687B142224539A00B63940 /* flower-logo-290x135.jpg */,
				B7BE5E7721EA1A0500167D5B /* icon-app-76x76.png */,
				B7BE5E7921EA1A6300167D5B /* icon-app-167x167.png */,
				B7BE5E6521E9BDB900167D5B /* icon-customer.png */,
				B7BE5E6F21E9E59600167D5B /* icon-customer-30x30.png */,
				B7BE5E6721E9BDC900167D5B /* icon-invoice.png */,
				B7BE5E6D21E9E36000167D5B /* icon-invoice-30x30.png */,
				B7BE5E6B21E9BDE500167D5B /* icon-product.png */,
				B7BE5E7121E9E5A300167D5B /* icon-product-30x30.png */,
				B7BE5E6921E9BDDA00167D5B /* icon-setting.png */,
				B7BE5E7321E9E5AD00167D5B /* icon-setting-30x30.png */,
			);
			path = img;
			sourceTree = "<group>";
		};
/* End PBXGroup section */

/* Begin PBXNativeTarget section */
		B79792CA216C4CE700C1E826 /* Invoice */ = {
			isa = PBXNativeTarget;
			buildConfigurationList = B79792DF216C4CE700C1E826 /* Build configuration list for PBXNativeTarget "Invoice" */;
			buildPhases = (
				B79792C7216C4CE700C1E826 /* Sources */,
				B79792C8216C4CE700C1E826 /* Frameworks */,
				B79792C9216C4CE700C1E826 /* Resources */,
			);
			buildRules = (
			);
			dependencies = (
			);
			name = Invoice;
			productName = Invoice;
			productReference = B79792CB216C4CE700C1E826 /* InvoiceGen.app */;
			productType = "com.apple.product-type.application";
		};
/* End PBXNativeTarget section */

/* Begin PBXProject section */
		B79792C3216C4CE700C1E826 /* Project object */ = {
			isa = PBXProject;
			attributes = {
				LastSwiftUpdateCheck = 0910;
				LastUpgradeCheck = 0910;
				ORGANIZATIONNAME = "Kevin Choi";
				TargetAttributes = {
					B79792CA216C4CE700C1E826 = {
						CreatedOnToolsVersion = 9.1;
						ProvisioningStyle = Manual;
						SystemCapabilities = {
							com.apple.GameCenter.iOS = {
								enabled = 1;
							};
							com.apple.InAppPurchase = {
								enabled = 1;
							};
							com.apple.Keychain = {
								enabled = 1;
							};
						};
					};
				};
			};
			buildConfigurationList = B79792C6216C4CE700C1E826 /* Build configuration list for PBXProject "Invoice" */;
			compatibilityVersion = "Xcode 8.0";
			developmentRegion = en;
			hasScannedForEncodings = 0;
			knownRegions = (
				en,
				Base,
			);
			mainGroup = B79792C2216C4CE700C1E826;
			productRefGroup = B79792CC216C4CE700C1E826 /* Products */;
			projectDirPath = "";
			projectRoot = "";
			targets = (
				B79792CA216C4CE700C1E826 /* Invoice */,
			);
		};
/* End PBXProject section */

/* Begin PBXResourcesBuildPhase section */
		B79792C9216C4CE700C1E826 /* Resources */ = {
			isa = PBXResourcesBuildPhase;
			buildActionMask = 2147483647;
			files = (
				B7BE5E6621E9BDBA00167D5B /* icon-customer.png in Resources */,
				B7BE5E7421E9E5AD00167D5B /* icon-setting-30x30.png in Resources */,
				B7BE5E7021E9E59600167D5B /* icon-customer-30x30.png in Resources */,
				B7BE5E6A21E9BDDA00167D5B /* icon-setting.png in Resources */,
				B7BE5E7A21EA1A6300167D5B /* icon-app-167x167.png in Resources */,
				B782762021EB9F8000D2A581 /* invoice.html in Resources */,
				B79792DB216C4CE700C1E826 /* LaunchScreen.storyboard in Resources */,
				B79792D8216C4CE700C1E826 /* Assets.xcassets in Resources */,
				B79792D6216C4CE700C1E826 /* Main.storyboard in Resources */,
				B7BE5E6821E9BDCA00167D5B /* icon-invoice.png in Resources */,
				B7BE5E7221E9E5A400167D5B /* icon-product-30x30.png in Resources */,
				B782761F21EB9F8000D2A581 /* last_item.html in Resources */,
				B74FB38A223961BB00C893D6 /* demo.txt in Resources */,
				B7D31FB9222B01A3000844F7 /* laoshanhang.txt in Resources */,
				B782761D21EB9F8000D2A581 /* single_item.html in Resources */,
				B782761E21EB9F8000D2A581 /* logo.jpg in Resources */,
				B7687B152224539B00B63940 /* flower-logo-290x135.jpg in Resources */,
				B7BE5E7821EA1A0500167D5B /* icon-app-76x76.png in Resources */,
				B7BE5E6C21E9BDE500167D5B /* icon-product.png in Resources */,
				B7BE5E6E21E9E36400167D5B /* icon-invoice-30x30.png in Resources */,
			);
			runOnlyForDeploymentPostprocessing = 0;
		};
/* End PBXResourcesBuildPhase section */

/* Begin PBXSourcesBuildPhase section */
		B79792C7216C4CE700C1E826 /* Sources */ = {
			isa = PBXSourcesBuildPhase;
			buildActionMask = 2147483647;
			files = (
				B7BE5E8721EB80E100167D5B /* KCCustomPrintPageRenderer.swift in Sources */,
				B7D46F5C220D31170025DE3C /* KCCurrencyViewController.swift in Sources */,
				B76384F5218DFF17007F8AD3 /* KCCompanyInfoViewController.swift in Sources */,
				B7D31FB7222A8DD3000844F7 /* KCQuickCommandViewController.swift in Sources */,
				B7D46F5A220D30FA0025DE3C /* KCCompanyLogoViewController.swift in Sources */,
				B7BE5E8521EB793A00167D5B /* KCInvoiceComposer.swift in Sources */,
				B7BE5E8921EB868400167D5B /* KCPreviewViewController.swift in Sources */,
				B741FAE92171DD0D009FDE38 /* KCDBUtility.swift in Sources */,
				B77E302D21A5A70D003784D9 /* KCProductInfoViewController.swift in Sources */,
				B77E303321A70A9E003784D9 /* KCInvoiceTableViewController.swift in Sources */,
				B77E302F21A70A6A003784D9 /* KCCustomerTableViewController.swift in Sources */,
				B79792CF216C4CE700C1E826 /* AppDelegate.swift in Sources */,
				B7DB84D421C10A10005E148D /* KCInvoiceItemViewController.swift in Sources */,
				B7BA73BC217830D500ABBF2D /* KCUtility.swift in Sources */,
				B76384F7219ABC6D007F8AD3 /* KCCustomerInfoViewController.swift in Sources */,
				B7B3A3D221B021450080EC09 /* KCInvoiceViewController.swift in Sources */,
				B77E303121A70A88003784D9 /* KCProductTableViewController.swift in Sources */,
			);
			runOnlyForDeploymentPostprocessing = 0;
		};
/* End PBXSourcesBuildPhase section */

/* Begin PBXVariantGroup section */
		B79792D4216C4CE700C1E826 /* Main.storyboard */ = {
			isa = PBXVariantGroup;
			children = (
				B79792D5216C4CE700C1E826 /* Base */,
			);
			name = Main.storyboard;
			sourceTree = "<group>";
		};
		B79792D9216C4CE700C1E826 /* LaunchScreen.storyboard */ = {
			isa = PBXVariantGroup;
			children = (
				B79792DA216C4CE700C1E826 /* Base */,
			);
			name = LaunchScreen.storyboard;
			sourceTree = "<group>";
		};
/* End PBXVariantGroup section */

/* Begin XCBuildConfiguration section */
		B79792DD216C4CE700C1E826 /* Debug */ = {
			isa = XCBuildConfiguration;
			buildSettings = {
				ALWAYS_SEARCH_USER_PATHS = NO;
				CLANG_ANALYZER_NONNULL = YES;
				CLANG_ANALYZER_NUMBER_OBJECT_CONVERSION = YES_AGGRESSIVE;
				CLANG_CXX_LANGUAGE_STANDARD = "gnu++14";
				CLANG_CXX_LIBRARY = "libc++";
				CLANG_ENABLE_MODULES = YES;
				CLANG_ENABLE_OBJC_ARC = YES;
				CLANG_WARN_BLOCK_CAPTURE_AUTORELEASING = YES;
				CLANG_WARN_BOOL_CONVERSION = YES;
				CLANG_WARN_COMMA = YES;
				CLANG_WARN_CONSTANT_CONVERSION = YES;
				CLANG_WARN_DIRECT_OBJC_ISA_USAGE = YES_ERROR;
				CLANG_WARN_DOCUMENTATION_COMMENTS = YES;
				CLANG_WARN_EMPTY_BODY = YES;
				CLANG_WARN_ENUM_CONVERSION = YES;
				CLANG_WARN_INFINITE_RECURSION = YES;
				CLANG_WARN_INT_CONVERSION = YES;
				CLANG_WARN_NON_LITERAL_NULL_CONVERSION = YES;
				CLANG_WARN_OBJC_LITERAL_CONVERSION = YES;
				CLANG_WARN_OBJC_ROOT_CLASS = YES_ERROR;
				CLANG_WARN_RANGE_LOOP_ANALYSIS = YES;
				CLANG_WARN_STRICT_PROTOTYPES = YES;
				CLANG_WARN_SUSPICIOUS_MOVE = YES;
				CLANG_WARN_UNGUARDED_AVAILABILITY = YES_AGGRESSIVE;
				CLANG_WARN_UNREACHABLE_CODE = YES;
				CLANG_WARN__DUPLICATE_METHOD_MATCH = YES;
				CODE_SIGN_IDENTITY = "iPhone Developer";
				COPY_PHASE_STRIP = NO;
				DEBUG_INFORMATION_FORMAT = dwarf;
				ENABLE_STRICT_OBJC_MSGSEND = YES;
				ENABLE_TESTABILITY = YES;
				GCC_C_LANGUAGE_STANDARD = gnu11;
				GCC_DYNAMIC_NO_PIC = NO;
				GCC_NO_COMMON_BLOCKS = YES;
				GCC_OPTIMIZATION_LEVEL = 0;
				GCC_PREPROCESSOR_DEFINITIONS = (
					"DEBUG=1",
					"$(inherited)",
				);
				GCC_WARN_64_TO_32_BIT_CONVERSION = YES;
				GCC_WARN_ABOUT_RETURN_TYPE = YES_ERROR;
				GCC_WARN_UNDECLARED_SELECTOR = YES;
				GCC_WARN_UNINITIALIZED_AUTOS = YES_AGGRESSIVE;
				GCC_WARN_UNUSED_FUNCTION = YES;
				GCC_WARN_UNUSED_VARIABLE = YES;
				IPHONEOS_DEPLOYMENT_TARGET = 9.3;
				MTL_ENABLE_DEBUG_INFO = YES;
				ONLY_ACTIVE_ARCH = YES;
				SDKROOT = iphoneos;
				SWIFT_ACTIVE_COMPILATION_CONDITIONS = DEBUG;
				SWIFT_OPTIMIZATION_LEVEL = "-Onone";
			};
			name = Debug;
		};
		B79792DE216C4CE700C1E826 /* Release */ = {
			isa = XCBuildConfiguration;
			buildSettings = {
				ALWAYS_SEARCH_USER_PATHS = NO;
				CLANG_ANALYZER_NONNULL = YES;
				CLANG_ANALYZER_NUMBER_OBJECT_CONVERSION = YES_AGGRESSIVE;
				CLANG_CXX_LANGUAGE_STANDARD = "gnu++14";
				CLANG_CXX_LIBRARY = "libc++";
				CLANG_ENABLE_MODULES = YES;
				CLANG_ENABLE_OBJC_ARC = YES;
				CLANG_WARN_BLOCK_CAPTURE_AUTORELEASING = YES;
				CLANG_WARN_BOOL_CONVERSION = YES;
				CLANG_WARN_COMMA = YES;
				CLANG_WARN_CONSTANT_CONVERSION = YES;
				CLANG_WARN_DIRECT_OBJC_ISA_USAGE = YES_ERROR;
				CLANG_WARN_DOCUMENTATION_COMMENTS = YES;
				CLANG_WARN_EMPTY_BODY = YES;
				CLANG_WARN_ENUM_CONVERSION = YES;
				CLANG_WARN_INFINITE_RECURSION = YES;
				CLANG_WARN_INT_CONVERSION = YES;
				CLANG_WARN_NON_LITERAL_NULL_CONVERSION = YES;
				CLANG_WARN_OBJC_LITERAL_CONVERSION = YES;
				CLANG_WARN_OBJC_ROOT_CLASS = YES_ERROR;
				CLANG_WARN_RANGE_LOOP_ANALYSIS = YES;
				CLANG_WARN_STRICT_PROTOTYPES = YES;
				CLANG_WARN_SUSPICIOUS_MOVE = YES;
				CLANG_WARN_UNGUARDED_AVAILABILITY = YES_AGGRESSIVE;
				CLANG_WARN_UNREACHABLE_CODE = YES;
				CLANG_WARN__DUPLICATE_METHOD_MATCH = YES;
				CODE_SIGN_IDENTITY = "iPhone Developer";
				COPY_PHASE_STRIP = NO;
				DEBUG_INFORMATION_FORMAT = "dwarf-with-dsym";
				ENABLE_NS_ASSERTIONS = NO;
				ENABLE_STRICT_OBJC_MSGSEND = YES;
				GCC_C_LANGUAGE_STANDARD = gnu11;
				GCC_NO_COMMON_BLOCKS = YES;
				GCC_WARN_64_TO_32_BIT_CONVERSION = YES;
				GCC_WARN_ABOUT_RETURN_TYPE = YES_ERROR;
				GCC_WARN_UNDECLARED_SELECTOR = YES;
				GCC_WARN_UNINITIALIZED_AUTOS = YES_AGGRESSIVE;
				GCC_WARN_UNUSED_FUNCTION = YES;
				GCC_WARN_UNUSED_VARIABLE = YES;
				IPHONEOS_DEPLOYMENT_TARGET = 9.3;
				MTL_ENABLE_DEBUG_INFO = NO;
				SDKROOT = iphoneos;
				SWIFT_OPTIMIZATION_LEVEL = "-Owholemodule";
				VALIDATE_PRODUCT = YES;
			};
			name = Release;
		};
		B79792E0216C4CE700C1E826 /* Debug */ = {
			isa = XCBuildConfiguration;
			buildSettings = {
				ASSETCATALOG_COMPILER_APPICON_NAME = AppIcon;
				CODE_SIGN_ENTITLEMENTS = Invoice/InvoiceGen.entitlements;
				CODE_SIGN_IDENTITY = "iPhone Distribution";
				CODE_SIGN_STYLE = Manual;
				DEVELOPMENT_TEAM = 2ZG82GP9NR;
				INFOPLIST_FILE = Invoice/Info.plist;
				IPHONEOS_DEPLOYMENT_TARGET = 9.3;
				LD_RUNPATH_SEARCH_PATHS = "$(inherited) @executable_path/Frameworks";
				PRODUCT_BUNDLE_IDENTIFIER = "com.no-ip.kevinchoi.Invoice";
				PRODUCT_NAME = InvoiceGen;
				PROVISIONING_PROFILE_SPECIFIER = invoicegen_prod_profile;
				SWIFT_VERSION = 4.0;
				TARGETED_DEVICE_FAMILY = 2;
			};
			name = Debug;
		};
		B79792E1216C4CE700C1E826 /* Release */ = {
			isa = XCBuildConfiguration;
			buildSettings = {
				ASSETCATALOG_COMPILER_APPICON_NAME = AppIcon;
				CODE_SIGN_ENTITLEMENTS = Invoice/InvoiceGen.entitlements;
				CODE_SIGN_IDENTITY = "iPhone Distribution";
				CODE_SIGN_STYLE = Manual;
				DEVELOPMENT_TEAM = 2ZG82GP9NR;
				INFOPLIST_FILE = Invoice/Info.plist;
				IPHONEOS_DEPLOYMENT_TARGET = 9.3;
				LD_RUNPATH_SEARCH_PATHS = "$(inherited) @executable_path/Frameworks";
				PRODUCT_BUNDLE_IDENTIFIER = "com.no-ip.kevinchoi.Invoice";
				PRODUCT_NAME = InvoiceGen;
				PROVISIONING_PROFILE_SPECIFIER = invoicegen_prod_profile;
				SWIFT_VERSION = 4.0;
				TARGETED_DEVICE_FAMILY = 2;
			};
			name = Release;
		};
/* End XCBuildConfiguration section */

/* Begin XCConfigurationList section */
		B79792C6216C4CE700C1E826 /* Build configuration list for PBXProject "Invoice" */ = {
			isa = XCConfigurationList;
			buildConfigurations = (
				B79792DD216C4CE700C1E826 /* Debug */,
				B79792DE216C4CE700C1E826 /* Release */,
			);
			defaultConfigurationIsVisible = 0;
			defaultConfigurationName = Release;
		};
		B79792DF216C4CE700C1E826 /* Build configuration list for PBXNativeTarget "Invoice" */ = {
			isa = XCConfigurationList;
			buildConfigurations = (
				B79792E0216C4CE700C1E826 /* Debug */,
				B79792E1216C4CE700C1E826 /* Release */,
			);
			defaultConfigurationIsVisible = 0;
			defaultConfigurationName = Release;
		};
/* End XCConfigurationList section */
	};
	rootObject = B79792C3216C4CE700C1E826 /* Project object */;
}
